
Microsoft Visual Studio Solution File, Format Version 12.00
# Visual Studio 15
Project("{FAE04EC0-301F-11D3-BF4B-00C04F79EFBC}") = "UnityEngine.UI", "UnityEngine.UI.csproj", "{8FF4F400-7018-B103-08F4-FBE6B53F5E74}"
EndProject
Project("{FAE04EC0-301F-11D3-BF4B-00C04F79EFBC}") = "Assembly-CSharp", "Assembly-CSharp.csproj", "{FE064C5A-DC8B-B4B1-8CBE-7B92BF15DA9D}"
EndProject
Project("{FAE04EC0-301F-11D3-BF4B-00C04F79EFBC}") = "Unity.2D.Tilemap.Editor", "Unity.2D.Tilemap.Editor.csproj", "{EAA1E882-75DE-AC88-9CD6-91F071461C60}"
EndProject
Project("{FAE04EC0-301F-11D3-BF4B-00C04F79EFBC}") = "Unity.2D.Sprite.Editor", "Unity.2D.Sprite.Editor.csproj", "{2E91F545-3441-8014-90DA-3B95590BCA48}"
EndProject
Project("{FAE04EC0-301F-11D3-BF4B-00C04F79EFBC}") = "UnityEditor.UI", "UnityEditor.UI.csproj", "{1D8B0B80-FD13-275B-B54A-FF91BCA52D40}"
EndProject
Project("{FAE04EC0-301F-11D3-BF4B-00C04F79EFBC}") = "UnityEngine.UI", "UnityEngine.UI.Player.csproj", "{38F539B2-292C-BF92-DA08-425BD371AF5B}"
EndProject
Project("{FAE04EC0-301F-11D3-BF4B-00C04F79EFBC}") = "Assembly-CSharp", "Assembly-CSharp.Player.csproj", "{9CF5E835-6A38-2EBC-2768-651EFD9172EF}"
EndProject
Global
	GlobalSection(SolutionConfigurationPlatforms) = preSolution
		Debug|Any CPU = Debug|Any CPU
		Release|Any CPU = Release|Any CPU
	EndGlobalSection
	GlobalSection(ProjectConfigurationPlatforms) = postSolution
		{8FF4F400-7018-B103-08F4-FBE6B53F5E74}.Debug|Any CPU.ActiveCfg = Debug|Any CPU
		{8FF4F400-7018-B103-08F4-FBE6B53F5E74}.Debug|Any CPU.Build.0 = Debug|Any CPU
		{8FF4F400-7018-B103-08F4-FBE6B53F5E74}.Release|Any CPU.ActiveCfg = Release|Any CPU
		{8FF4F400-7018-B103-08F4-FBE6B53F5E74}.Release|Any CPU.Build.0 = Release|Any CPU
		{FE064C5A-DC8B-B4B1-8CBE-7B92BF15DA9D}.Debug|Any CPU.ActiveCfg = Debug|Any CPU
		{FE064C5A-DC8B-B4B1-8CBE-7B92BF15DA9D}.Debug|Any CPU.Build.0 = Debug|Any CPU
		{FE064C5A-DC8B-B4B1-8CBE-7B92BF15DA9D}.Release|Any CPU.ActiveCfg = Release|Any CPU
		{FE064C5A-DC8B-B4B1-8CBE-7B92BF15DA9D}.Release|Any CPU.Build.0 = Release|Any CPU
		{EAA1E882-75DE-AC88-9CD6-91F071461C60}.Debug|Any CPU.ActiveCfg = Debug|Any CPU
		{EAA1E882-75DE-AC88-9CD6-91F071461C60}.Debug|Any CPU.Build.0 = Debug|Any CPU
		{EAA1E882-75DE-AC88-9CD6-91F071461C60}.Release|Any CPU.ActiveCfg = Release|Any CPU
		{EAA1E882-75DE-AC88-9CD6-91F071461C60}.Release|Any CPU.Build.0 = Release|Any CPU
		{2E91F545-3441-8014-90DA-3B95590BCA48}.Debug|Any CPU.ActiveCfg = Debug|Any CPU
		{2E91F545-3441-8014-90DA-3B95590BCA48}.Debug|Any CPU.Build.0 = Debug|Any CPU
		{2E91F545-3441-8014-90DA-3B95590BCA48}.Release|Any CPU.ActiveCfg = Release|Any CPU
		{2E91F545-3441-8014-90DA-3B95590BCA48}.Release|Any CPU.Build.0 = Release|Any CPU
		{1D8B0B80-FD13-275B-B54A-FF91BCA52D40}.Debug|Any CPU.ActiveCfg = Debug|Any CPU
		{1D8B0B80-FD13-275B-B54A-FF91BCA52D40}.Debug|Any CPU.Build.0 = Debug|Any CPU
		{1D8B0B80-FD13-275B-B54A-FF91BCA52D40}.Release|Any CPU.ActiveCfg = Release|Any CPU
		{1D8B0B80-FD13-275B-B54A-FF91BCA52D40}.Release|Any CPU.Build.0 = Release|Any CPU
		{38F539B2-292C-BF92-DA08-425BD371AF5B}.Debug|Any CPU.ActiveCfg = Debug|Any CPU
		{38F539B2-292C-BF92-DA08-425BD371AF5B}.Debug|Any CPU.Build.0 = Debug|Any CPU
		{38F539B2-292C-BF92-DA08-425BD371AF5B}.Release|Any CPU.ActiveCfg = Release|Any CPU
		{38F539B2-292C-BF92-DA08-425BD371AF5B}.Release|Any CPU.Build.0 = Release|Any CPU
		{9CF5E835-6A38-2EBC-2768-651EFD9172EF}.Debug|Any CPU.ActiveCfg = Debug|Any CPU
		{9CF5E835-6A38-2EBC-2768-651EFD9172EF}.Debug|Any CPU.Build.0 = Debug|Any CPU
		{9CF5E835-6A38-2EBC-2768-651EFD9172EF}.Release|Any CPU.ActiveCfg = Release|Any CPU
		{9CF5E835-6A38-2EBC-2768-651EFD9172EF}.Release|Any CPU.Build.0 = Release|Any CPU
	EndGlobalSection
	GlobalSection(SolutionProperties) = preSolution
		HideSolutionNode = FALSE
	EndGlobalSection
EndGlobal
